
Microsoft Visual Studio Solution File, Format Version 12.00
# Visual Studio Version 16
VisualStudioVersion = 16.0.31005.135
MinimumVisualStudioVersion = 10.0.40219.1
Project("{FAE04EC0-301F-11D3-BF4B-00C04F79EFBC}") = "MimaTicket", "MimaTicket\MimaTicket.csproj", "{35E0C9FA-0B1E-495D-8EFB-F3496DB34318}"
EndProject
Global
	GlobalSection(SolutionConfigurationPlatforms) = preSolution
		Debug|Any CPU = Debug|Any CPU
		Release|Any CPU = Release|Any CPU
	EndGlobalSection
	GlobalSection(ProjectConfigurationPlatforms) = postSolution
		{35E0C9FA-0B1E-495D-8EFB-F3496DB34318}.Debug|Any CPU.ActiveCfg = Debug|Any CPU
		{35E0C9FA-0B1E-495D-8EFB-F3496DB34318}.Debug|Any CPU.Build.0 = Debug|Any CPU
		{35E0C9FA-0B1E-495D-8EFB-F3496DB34318}.Release|Any CPU.ActiveCfg = Release|Any CPU
		{35E0C9FA-0B1E-495D-8EFB-F3496DB34318}.Release|Any CPU.Build.0 = Release|Any CPU
	EndGlobalSection
	GlobalSection(SolutionProperties) = preSolution
		HideSolutionNode = FALSE
	EndGlobalSection
	GlobalSection(ExtensibilityGlobals) = postSolution
		SolutionGuid = {EB3F05BE-074C-4B97-97A0-561597BD44B7}
	EndGlobalSection
EndGlobal
